
Microsoft Visual Studio Solution File, Format Version 12.00
# Visual Studio Version 17
VisualStudioVersion = 17.10.35027.167
MinimumVisualStudioVersion = 10.0.40219.1
Project("{9A19103F-16F7-4668-BE54-9A1E7A4F7556}") = "VladPC.WebAPI", "VladPC.WebAPI\VladPC.WebAPI.csproj", "{8F5D0786-4386-4B29-A2EA-670D7771738E}"
EndProject
Project("{9A19103F-16F7-4668-BE54-9A1E7A4F7556}") = "VladPC.BLL", "VladPC.BLL\VladPC.BLL.csproj", "{5FF14F20-A9AE-4AEC-8D50-3DCCE7C13334}"
EndProject
Project("{9A19103F-16F7-4668-BE54-9A1E7A4F7556}") = "VladPC.DAL", "VladPC.DAL\VladPC.DAL.csproj", "{6C70AAEB-F71E-4D25-8397-20CB24B4FC93}"
EndProject
Project("{FAE04EC0-301F-11D3-BF4B-00C04F79EFBC}") = "VladPC.Common", "VladPC.Common\VladPC.Common.csproj", "{0D2833C4-8FFE-4C57-8D9A-71F7C43FC758}"
EndProject
Global
	GlobalSection(SolutionConfigurationPlatforms) = preSolution
		Debug|Any CPU = Debug|Any CPU
		Release|Any CPU = Release|Any CPU
	EndGlobalSection
	GlobalSection(ProjectConfigurationPlatforms) = postSolution
		{8F5D0786-4386-4B29-A2EA-670D7771738E}.Debug|Any CPU.ActiveCfg = Debug|Any CPU
		{8F5D0786-4386-4B29-A2EA-670D7771738E}.Debug|Any CPU.Build.0 = Debug|Any CPU
		{8F5D0786-4386-4B29-A2EA-670D7771738E}.Release|Any CPU.ActiveCfg = Release|Any CPU
		{8F5D0786-4386-4B29-A2EA-670D7771738E}.Release|Any CPU.Build.0 = Release|Any CPU
		{5FF14F20-A9AE-4AEC-8D50-3DCCE7C13334}.Debug|Any CPU.ActiveCfg = Debug|Any CPU
		{5FF14F20-A9AE-4AEC-8D50-3DCCE7C13334}.Debug|Any CPU.Build.0 = Debug|Any CPU
		{5FF14F20-A9AE-4AEC-8D50-3DCCE7C13334}.Release|Any CPU.ActiveCfg = Release|Any CPU
		{5FF14F20-A9AE-4AEC-8D50-3DCCE7C13334}.Release|Any CPU.Build.0 = Release|Any CPU
		{6C70AAEB-F71E-4D25-8397-20CB24B4FC93}.Debug|Any CPU.ActiveCfg = Debug|Any CPU
		{6C70AAEB-F71E-4D25-8397-20CB24B4FC93}.Debug|Any CPU.Build.0 = Debug|Any CPU
		{6C70AAEB-F71E-4D25-8397-20CB24B4FC93}.Release|Any CPU.ActiveCfg = Release|Any CPU
		{6C70AAEB-F71E-4D25-8397-20CB24B4FC93}.Release|Any CPU.Build.0 = Release|Any CPU
		{0D2833C4-8FFE-4C57-8D9A-71F7C43FC758}.Debug|Any CPU.ActiveCfg = Debug|Any CPU
		{0D2833C4-8FFE-4C57-8D9A-71F7C43FC758}.Debug|Any CPU.Build.0 = Debug|Any CPU
		{0D2833C4-8FFE-4C57-8D9A-71F7C43FC758}.Release|Any CPU.ActiveCfg = Release|Any CPU
		{0D2833C4-8FFE-4C57-8D9A-71F7C43FC758}.Release|Any CPU.Build.0 = Release|Any CPU
	EndGlobalSection
	GlobalSection(SolutionProperties) = preSolution
		HideSolutionNode = FALSE
	EndGlobalSection
	GlobalSection(ExtensibilityGlobals) = postSolution
		SolutionGuid = {10F91946-D486-4454-B927-F07B730DB5ED}
	EndGlobalSection
EndGlobal
